
Microsoft Visual Studio Solution File, Format Version 12.00
# Visual Studio Version 17
VisualStudioVersion = 17.4.33103.184
MinimumVisualStudioVersion = 10.0.40219.1
Project("{FAE04EC0-301F-11D3-BF4B-00C04F79EFBC}") = "webapi.eventplus", "webapi.eventplus.csproj", "{36B336A7-E6B8-42EE-AC51-EDCC7E7AD4C9}"
EndProject
Global
	GlobalSection(SolutionConfigurationPlatforms) = preSolution
		Debug|Any CPU = Debug|Any CPU
		Release|Any CPU = Release|Any CPU
	EndGlobalSection
	GlobalSection(ProjectConfigurationPlatforms) = postSolution
		{36B336A7-E6B8-42EE-AC51-EDCC7E7AD4C9}.Debug|Any CPU.ActiveCfg = Debug|Any CPU
		{36B336A7-E6B8-42EE-AC51-EDCC7E7AD4C9}.Debug|Any CPU.Build.0 = Debug|Any CPU
		{36B336A7-E6B8-42EE-AC51-EDCC7E7AD4C9}.Release|Any CPU.ActiveCfg = Release|Any CPU
		{36B336A7-E6B8-42EE-AC51-EDCC7E7AD4C9}.Release|Any CPU.Build.0 = Release|Any CPU
	EndGlobalSection
	GlobalSection(SolutionProperties) = preSolution
		HideSolutionNode = FALSE
	EndGlobalSection
	GlobalSection(ExtensibilityGlobals) = postSolution
		SolutionGuid = {ABC36847-22BA-43AC-8CA8-132A9E711140}
	EndGlobalSection
EndGlobal
